
Microsoft Visual Studio Solution File, Format Version 11.00
# Visual C++ Express 2010
Project("{8BC9CEB8-8B4A-11D0-8D11-00A0C91BC942}") = "TheRedDeath", "TheRedDeath\TheRedDeath.vcxproj", "{EDC7E190-C475-45B4-9A65-E582B3C72097}"
EndProject
Global
	GlobalSection(SolutionConfigurationPlatforms) = preSolution
		Debug|Win32 = Debug|Win32
		Release|Win32 = Release|Win32
	EndGlobalSection
	GlobalSection(ProjectConfigurationPlatforms) = postSolution
		{EDC7E190-C475-45B4-9A65-E582B3C72097}.Debug|Win32.ActiveCfg = Debug|Win32
		{EDC7E190-C475-45B4-9A65-E582B3C72097}.Debug|Win32.Build.0 = Debug|Win32
		{EDC7E190-C475-45B4-9A65-E582B3C72097}.Release|Win32.ActiveCfg = Release|Win32
		{EDC7E190-C475-45B4-9A65-E582B3C72097}.Release|Win32.Build.0 = Release|Win32
	EndGlobalSection
	GlobalSection(SolutionProperties) = preSolution
		HideSolutionNode = FALSE
	EndGlobalSection
EndGlobal
